
Microsoft Visual Studio Solution File, Format Version 12.00
# Visual Studio 2017
Project("{FAE04EC0-301F-11D3-BF4B-00C04F79EFBC}") = "blockfall.Plugins", "blockfall.Plugins.csproj", "{9A85FCE2-531A-F598-D80C-FA77D8400BE7}"
EndProject
Project("{FAE04EC0-301F-11D3-BF4B-00C04F79EFBC}") = "blockfall", "blockfall.csproj", "{6F9CA679-9277-DCB9-0B51-F5E05506C3AE}"
EndProject
Project("{FAE04EC0-301F-11D3-BF4B-00C04F79EFBC}") = "blockfall.Editor.Plugins", "blockfall.Editor.Plugins.csproj", "{A93A775B-7070-DDE8-E853-A589D720C9D7}"
EndProject
Project("{FAE04EC0-301F-11D3-BF4B-00C04F79EFBC}") = "blockfall.Editor", "blockfall.Editor.csproj", "{A403DCA9-3537-DC0B-420D-A2B869D2BE2B}"
EndProject
Global
	GlobalSection(SolutionConfigurationPlatforms) = preSolution
		Debug|Any CPU = Debug|Any CPU
		Release|Any CPU = Release|Any CPU
	EndGlobalSection
	GlobalSection(ProjectConfigurationPlatforms) = postSolution
		{9A85FCE2-531A-F598-D80C-FA77D8400BE7}.Debug|Any CPU.ActiveCfg = Debug|Any CPU
		{9A85FCE2-531A-F598-D80C-FA77D8400BE7}.Debug|Any CPU.Build.0 = Debug|Any CPU
		{9A85FCE2-531A-F598-D80C-FA77D8400BE7}.Release|Any CPU.ActiveCfg = Release|Any CPU
		{9A85FCE2-531A-F598-D80C-FA77D8400BE7}.Release|Any CPU.Build.0 = Release|Any CPU
		{6F9CA679-9277-DCB9-0B51-F5E05506C3AE}.Debug|Any CPU.ActiveCfg = Debug|Any CPU
		{6F9CA679-9277-DCB9-0B51-F5E05506C3AE}.Debug|Any CPU.Build.0 = Debug|Any CPU
		{6F9CA679-9277-DCB9-0B51-F5E05506C3AE}.Release|Any CPU.ActiveCfg = Release|Any CPU
		{6F9CA679-9277-DCB9-0B51-F5E05506C3AE}.Release|Any CPU.Build.0 = Release|Any CPU
		{A93A775B-7070-DDE8-E853-A589D720C9D7}.Debug|Any CPU.ActiveCfg = Debug|Any CPU
		{A93A775B-7070-DDE8-E853-A589D720C9D7}.Debug|Any CPU.Build.0 = Debug|Any CPU
		{A93A775B-7070-DDE8-E853-A589D720C9D7}.Release|Any CPU.ActiveCfg = Release|Any CPU
		{A93A775B-7070-DDE8-E853-A589D720C9D7}.Release|Any CPU.Build.0 = Release|Any CPU
		{A403DCA9-3537-DC0B-420D-A2B869D2BE2B}.Debug|Any CPU.ActiveCfg = Debug|Any CPU
		{A403DCA9-3537-DC0B-420D-A2B869D2BE2B}.Debug|Any CPU.Build.0 = Debug|Any CPU
		{A403DCA9-3537-DC0B-420D-A2B869D2BE2B}.Release|Any CPU.ActiveCfg = Release|Any CPU
		{A403DCA9-3537-DC0B-420D-A2B869D2BE2B}.Release|Any CPU.Build.0 = Release|Any CPU
	EndGlobalSection
	GlobalSection(SolutionProperties) = preSolution
		HideSolutionNode = FALSE
	EndGlobalSection
EndGlobal
